Microsoft Visual Studio Solution File, Format Version 12.00
# Visual Studio 2012
Project("{FAE04EC0-301F-11D3-BF4B-00C04F79EFBC}") = "Ninja Tower Defense", "Ninja Tower Defense.csproj", "{75D23303-BAB9-4E13-8DB7-149787B2A202}"
EndProject
Global
	GlobalSection(SolutionConfigurationPlatforms) = preSolution
		Debug|Any CPU = Debug|Any CPU
		ExportDebug|Any CPU = ExportDebug|Any CPU
		ExportRelease|Any CPU = ExportRelease|Any CPU
	EndGlobalSection
	GlobalSection(ProjectConfigurationPlatforms) = postSolution
		{9437C1A9-9377-4822-A429-34A332453AEA}.Debug|Any CPU.ActiveCfg = Debug|Any CPU
		{9437C1A9-9377-4822-A429-34A332453AEA}.Debug|Any CPU.Build.0 = Debug|Any CPU
		{9437C1A9-9377-4822-A429-34A332453AEA}.ExportDebug|Any CPU.ActiveCfg = ExportDebug|Any CPU
		{9437C1A9-9377-4822-A429-34A332453AEA}.ExportDebug|Any CPU.Build.0 = ExportDebug|Any CPU
		{9437C1A9-9377-4822-A429-34A332453AEA}.ExportRelease|Any CPU.ActiveCfg = ExportRelease|Any CPU
		{9437C1A9-9377-4822-A429-34A332453AEA}.ExportRelease|Any CPU.Build.0 = ExportRelease|Any CPU
		{75D23303-BAB9-4E13-8DB7-149787B2A202}.Debug|Any CPU.ActiveCfg = Debug|Any CPU
		{75D23303-BAB9-4E13-8DB7-149787B2A202}.Debug|Any CPU.Build.0 = Debug|Any CPU
		{75D23303-BAB9-4E13-8DB7-149787B2A202}.ExportDebug|Any CPU.ActiveCfg = ExportDebug|Any CPU
		{75D23303-BAB9-4E13-8DB7-149787B2A202}.ExportDebug|Any CPU.Build.0 = ExportDebug|Any CPU
		{75D23303-BAB9-4E13-8DB7-149787B2A202}.ExportRelease|Any CPU.ActiveCfg = ExportRelease|Any CPU
		{75D23303-BAB9-4E13-8DB7-149787B2A202}.ExportRelease|Any CPU.Build.0 = ExportRelease|Any CPU
	EndGlobalSection
EndGlobal
